
Microsoft Visual Studio Solution File, Format Version 12.00
# Visual Studio 15
VisualStudioVersion = 15.0.28307.168
MinimumVisualStudioVersion = 10.0.40219.1
Project("{FAE04EC0-301F-11D3-BF4B-00C04F79EFBC}") = "LongestWord", "LongestWord\LongestWord.csproj", "{B2688C32-5428-4333-A03F-A5DBA8ED6750}"
EndProject
Global
	GlobalSection(SolutionConfigurationPlatforms) = preSolution
		Debug|Any CPU = Debug|Any CPU
		Release|Any CPU = Release|Any CPU
	EndGlobalSection
	GlobalSection(ProjectConfigurationPlatforms) = postSolution
		{B2688C32-5428-4333-A03F-A5DBA8ED6750}.Debug|Any CPU.ActiveCfg = Debug|Any CPU
		{B2688C32-5428-4333-A03F-A5DBA8ED6750}.Debug|Any CPU.Build.0 = Debug|Any CPU
		{B2688C32-5428-4333-A03F-A5DBA8ED6750}.Release|Any CPU.ActiveCfg = Release|Any CPU
		{B2688C32-5428-4333-A03F-A5DBA8ED6750}.Release|Any CPU.Build.0 = Release|Any CPU
	EndGlobalSection
	GlobalSection(SolutionProperties) = preSolution
		HideSolutionNode = FALSE
	EndGlobalSection
	GlobalSection(ExtensibilityGlobals) = postSolution
		SolutionGuid = {10828197-684B-4A65-AB27-74920BA9AB75}
	EndGlobalSection
EndGlobal
